
Microsoft Visual Studio Solution File, Format Version 12.00
# Visual Studio 2012
Project("{FAE04EC0-301F-11D3-BF4B-00C04F79EFBC}") = "custom_service", "custom_service\custom_service.csproj", "{0F86690B-9E6E-4AB6-B866-1F6E3479CBF0}"
EndProject
Global
	GlobalSection(SolutionConfigurationPlatforms) = preSolution
		Debug|Any CPU = Debug|Any CPU
		Release|Any CPU = Release|Any CPU
	EndGlobalSection
	GlobalSection(ProjectConfigurationPlatforms) = postSolution
		{0F86690B-9E6E-4AB6-B866-1F6E3479CBF0}.Debug|Any CPU.ActiveCfg = Debug|Any CPU
		{0F86690B-9E6E-4AB6-B866-1F6E3479CBF0}.Debug|Any CPU.Build.0 = Debug|Any CPU
		{0F86690B-9E6E-4AB6-B866-1F6E3479CBF0}.Release|Any CPU.ActiveCfg = Release|Any CPU
		{0F86690B-9E6E-4AB6-B866-1F6E3479CBF0}.Release|Any CPU.Build.0 = Release|Any CPU
	EndGlobalSection
	GlobalSection(SolutionProperties) = preSolution
		HideSolutionNode = FALSE
	EndGlobalSection
EndGlobal
